// !$*UTF8*$!
{
	archiveVersion = 1;
	classes = {
	};
	objectVersion = 56;
	objects = {

/* Begin PBXBuildFile section */
		0DCBDD402C60D53700577917 /* AppDelegate.swift in Sources */ = {isa = PBXBuildFile; fileRef = 0DCBDD3F2C60D53700577917 /* AppDelegate.swift */; };
		0DCBDD422C60D53700577917 /* SceneDelegate.swift in Sources */ = {isa = PBXBuildFile; fileRef = 0DCBDD412C60D53700577917 /* SceneDelegate.swift */; };
		0DCBDD442C60D53700577917 /* ViewController.swift in Sources */ = {isa = PBXBuildFile; fileRef = 0DCBDD432C60D53700577917 /* ViewController.swift */; };
		0DCBDD472C60D53700577917 /* Main.storyboard in Resources */ = {isa = PBXBuildFile; fileRef = 0DCBDD452C60D53700577917 /* Main.storyboard */; };
		0DCBDD492C60D53C00577917 /* Assets.xcassets in Resources */ = {isa = PBXBuildFile; fileRef = 0DCBDD482C60D53C00577917 /* Assets.xcassets */; };
		0DCBDD4C2C60D53C00577917 /* LaunchScreen.storyboard in Resources */ = {isa = PBXBuildFile; fileRef = 0DCBDD4A2C60D53C00577917 /* LaunchScreen.storyboard */; };
		0DCBDD572C60D53D00577917 /* SwiftPackageEngineTests.swift in Sources */ = {isa = PBXBuildFile; fileRef = 0DCBDD562C60D53D00577917 /* SwiftPackageEngineTests.swift */; };
		0DCBDD612C60D53D00577917 /* SwiftPackageEngineUITests.swift in Sources */ = {isa = PBXBuildFile; fileRef = 0DCBDD602C60D53D00577917 /* SwiftPackageEngineUITests.swift */; };
		0DCBDD632C60D53D00577917 /* SwiftPackageEngineUITestsLaunchTests.swift in Sources */ = {isa = PBXBuildFile; fileRef = 0DCBDD622C60D53D00577917 /* SwiftPackageEngineUITestsLaunchTests.swift */; };
		0DCBDD732C60D5BE00577917 /* MyLibrary in Frameworks */ = {isa = PBXBuildFile; productRef = 0DCBDD722C60D5BE00577917 /* MyLibrary */; };
/* End PBXBuildFile section */

/* Begin PBXContainerItemProxy section */
		0DCBDD532C60D53D00577917 /* PBXContainerItemProxy */ = {
			isa = PBXContainerItemProxy;
			containerPortal = 0DCBDD342C60D53600577917 /* Project object */;
			proxyType = 1;
			remoteGlobalIDString = 0DCBDD3B2C60D53700577917;
			remoteInfo = SwiftPackageEngine;
		};
		0DCBDD5D2C60D53D00577917 /* PBXContainerItemProxy */ = {
			isa = PBXContainerItemProxy;
			containerPortal = 0DCBDD342C60D53600577917 /* Project object */;
			proxyType = 1;
			remoteGlobalIDString = 0DCBDD3B2C60D53700577917;
			remoteInfo = SwiftPackageEngine;
		};
/* End PBXContainerItemProxy section */

/* Begin PBXFileReference section */
		0DCBDD3C2C60D53700577917 /* SwiftPackageEngine.app */ = {isa = PBXFileReference; explicitFileType = wrapper.application; includeInIndex = 0; path = SwiftPackageEngine.app; sourceTree = BUILT_PRODUCTS_DIR; };
		0DCBDD3F2C60D53700577917 /* AppDelegate.swift */ = {isa = PBXFileReference; lastKnownFileType = sourcecode.swift; path = AppDelegate.swift; sourceTree = "<group>"; };
		0DCBDD412C60D53700577917 /* SceneDelegate.swift */ = {isa = PBXFileReference; lastKnownFileType = sourcecode.swift; path = SceneDelegate.swift; sourceTree = "<group>"; };
		0DCBDD432C60D53700577917 /* ViewController.swift */ = {isa = PBXFileReference; lastKnownFileType = sourcecode.swift; path = ViewController.swift; sourceTree = "<group>"; };
		0DCBDD462C60D53700577917 /* Base */ = {isa = PBXFileReference; lastKnownFileType = file.storyboard; name = Base; path = Base.lproj/Main.storyboard; sourceTree = "<group>"; };
		0DCBDD482C60D53C00577917 /* Assets.xcassets */ = {isa = PBXFileReference; lastKnownFileType = folder.assetcatalog; path = Assets.xcassets; sourceTree = "<group>"; };
		0DCBDD4B2C60D53C00577917 /* Base */ = {isa = PBXFileReference; lastKnownFileType = file.storyboard; name = Base; path = Base.lproj/LaunchScreen.storyboard; sourceTree = "<group>"; };
		0DCBDD4D2C60D53C00577917 /* Info.plist */ = {isa = PBXFileReference; lastKnownFileType = text.plist.xml; path = Info.plist; sourceTree = "<group>"; };
		0DCBDD522C60D53D00577917 /* SwiftPackageEngineTests.xctest */ = {isa = PBXFileReference; explicitFileType = wrapper.cfbundle; includeInIndex = 0; path = SwiftPackageEngineTests.xctest; sourceTree = BUILT_PRODUCTS_DIR; };
		0DCBDD562C60D53D00577917 /* SwiftPackageEngineTests.swift */ = {isa = PBXFileReference; lastKnownFileType = sourcecode.swift; path = SwiftPackageEngineTests.swift; sourceTree = "<group>"; };
		0DCBDD5C2C60D53D00577917 /* SwiftPackageEngineUITests.xctest */ = {isa = PBXFileReference; explicitFileType = wrapper.cfbundle; includeInIndex = 0; path = SwiftPackageEngineUITests.xctest; sourceTree = BUILT_PRODUCTS_DIR; };
		0DCBDD602C60D53D00577917 /* SwiftPackageEngineUITests.swift */ = {isa = PBXFileReference; lastKnownFileType = sourcecode.swift; path = SwiftPackageEngineUITests.swift; sourceTree = "<group>"; };
		0DCBDD622C60D53D00577917 /* SwiftPackageEngineUITestsLaunchTests.swift */ = {isa = PBXFileReference; lastKnownFileType = sourcecode.swift; path = SwiftPackageEngineUITestsLaunchTests.swift; sourceTree = "<group>"; };
		0DCBDD702C60D58F00577917 /* SwiftPackage */ = {isa = PBXFileReference; lastKnownFileType = wrapper; name = SwiftPackage; path = ../SwiftPackage; sourceTree = "<group>"; };
/* End PBXFileReference section */

/* Begin PBXFrameworksBuildPhase section */
		0DCBDD392C60D53700577917 /* Frameworks */ = {
			isa = PBXFrameworksBuildPhase;
			buildActionMask = 2147483647;
			files = (
				0DCBDD732C60D5BE00577917 /* MyLibrary in Frameworks */,
			);
			runOnlyForDeploymentPostprocessing = 0;
		};
		0DCBDD4F2C60D53D00577917 /* Frameworks */ = {
			isa = PBXFrameworksBuildPhase;
			buildActionMask = 2147483647;
			files = (
			);
			runOnlyForDeploymentPostprocessing = 0;
		};
		0DCBDD592C60D53D00577917 /* Frameworks */ = {
			isa = PBXFrameworksBuildPhase;
			buildActionMask = 2147483647;
			files = (
			);
			runOnlyForDeploymentPostprocessing = 0;
		};
/* End PBXFrameworksBuildPhase section */

/* Begin PBXGroup section */
		0DCBDD332C60D53600577917 = {
			isa = PBXGroup;
			children = (
				0DCBDD6F2C60D58F00577917 /* Packages */,
				0DCBDD3E2C60D53700577917 /* SwiftPackageEngine */,
				0DCBDD552C60D53D00577917 /* SwiftPackageEngineTests */,
				0DCBDD5F2C60D53D00577917 /* SwiftPackageEngineUITests */,
				0DCBDD3D2C60D53700577917 /* Products */,
				0DCBDD712C60D5BE00577917 /* Frameworks */,
			);
			sourceTree = "<group>";
		};
		0DCBDD3D2C60D53700577917 /* Products */ = {
			isa = PBXGroup;
			children = (
				0DCBDD3C2C60D53700577917 /* SwiftPackageEngine.app */,
				0DCBDD522C60D53D00577917 /* SwiftPackageEngineTests.xctest */,
				0DCBDD5C2C60D53D00577917 /* SwiftPackageEngineUITests.xctest */,
			);
			name = Products;
			sourceTree = "<group>";
		};
		0DCBDD3E2C60D53700577917 /* SwiftPackageEngine */ = {
			isa = PBXGroup;
			children = (
				0DCBDD3F2C60D53700577917 /* AppDelegate.swift */,
				0DCBDD412C60D53700577917 /* SceneDelegate.swift */,
				0DCBDD432C60D53700577917 /* ViewController.swift */,
				0DCBDD452C60D53700577917 /* Main.storyboard */,
				0DCBDD482C60D53C00577917 /* Assets.xcassets */,
				0DCBDD4A2C60D53C00577917 /* LaunchScreen.storyboard */,
				0DCBDD4D2C60D53C00577917 /* Info.plist */,
			);
			path = SwiftPackageEngine;
			sourceTree = "<group>";
		};
		0DCBDD552C60D53D00577917 /* SwiftPackageEngineTests */ = {
			isa = PBXGroup;
			children = (
				0DCBDD562C60D53D00577917 /* SwiftPackageEngineTests.swift */,
			);
			path = SwiftPackageEngineTests;
			sourceTree = "<group>";
		};
		0DCBDD5F2C60D53D00577917 /* SwiftPackageEngineUITests */ = {
			isa = PBXGroup;
			children = (
				0DCBDD602C60D53D00577917 /* SwiftPackageEngineUITests.swift */,
				0DCBDD622C60D53D00577917 /* SwiftPackageEngineUITestsLaunchTests.swift */,
			);
			path = SwiftPackageEngineUITests;
			sourceTree = "<group>";
		};
		0DCBDD6F2C60D58F00577917 /* Packages */ = {
			isa = PBXGroup;
			children = (
				0DCBDD702C60D58F00577917 /* SwiftPackage */,
			);
			name = Packages;
			sourceTree = "<group>";
		};
		0DCBDD712C60D5BE00577917 /* Frameworks */ = {
			isa = PBXGroup;
			children = (
			);
			name = Frameworks;
			sourceTree = "<group>";
		};
/* End PBXGroup section */

/* Begin PBXNativeTarget section */
		0DCBDD3B2C60D53700577917 /* SwiftPackageEngine */ = {
			isa = PBXNativeTarget;
			buildConfigurationList = 0DCBDD662C60D53D00577917 /* Build configuration list for PBXNativeTarget "SwiftPackageEngine" */;
			buildPhases = (
				0DCBDD382C60D53700577917 /* Sources */,
				0DCBDD392C60D53700577917 /* Frameworks */,
				0DCBDD3A2C60D53700577917 /* Resources */,
			);
			buildRules = (
			);
			dependencies = (
			);
			name = SwiftPackageEngine;
			packageProductDependencies = (
				0DCBDD722C60D5BE00577917 /* MyLibrary */,
			);
			productName = SwiftPackageEngine;
			productReference = 0DCBDD3C2C60D53700577917 /* SwiftPackageEngine.app */;
			productType = "com.apple.product-type.application";
		};
		0DCBDD512C60D53D00577917 /* SwiftPackageEngineTests */ = {
			isa = PBXNativeTarget;
			buildConfigurationList = 0DCBDD692C60D53D00577917 /* Build configuration list for PBXNativeTarget "SwiftPackageEngineTests" */;
			buildPhases = (
				0DCBDD4E2C60D53D00577917 /* Sources */,
				0DCBDD4F2C60D53D00577917 /* Frameworks */,
				0DCBDD502C60D53D00577917 /* Resources */,
			);
			buildRules = (
			);
			dependencies = (
				0DCBDD542C60D53D00577917 /* PBXTargetDependency */,
			);
			name = SwiftPackageEngineTests;
			productName = SwiftPackageEngineTests;
			productReference = 0DCBDD522C60D53D00577917 /* SwiftPackageEngineTests.xctest */;
			productType = "com.apple.product-type.bundle.unit-test";
		};
		0DCBDD5B2C60D53D00577917 /* SwiftPackageEngineUITests */ = {
			isa = PBXNativeTarget;
			buildConfigurationList = 0DCBDD6C2C60D53D00577917 /* Build configuration list for PBXNativeTarget "SwiftPackageEngineUITests" */;
			buildPhases = (
				0DCBDD582C60D53D00577917 /* Sources */,
				0DCBDD592C60D53D00577917 /* Frameworks */,
				0DCBDD5A2C60D53D00577917 /* Resources */,
			);
			buildRules = (
			);
			dependencies = (
				0DCBDD5E2C60D53D00577917 /* PBXTargetDependency */,
			);
			name = SwiftPackageEngineUITests;
			productName = SwiftPackageEngineUITests;
			productReference = 0DCBDD5C2C60D53D00577917 /* SwiftPackageEngineUITests.xctest */;
			productType = "com.apple.product-type.bundle.ui-testing";
		};
/* End PBXNativeTarget section */

/* Begin PBXProject section */
		0DCBDD342C60D53600577917 /* Project object */ = {
			isa = PBXProject;
			attributes = {
				BuildIndependentTargetsInParallel = 1;
				LastSwiftUpdateCheck = 1420;
				LastUpgradeCheck = 1420;
				TargetAttributes = {
					0DCBDD3B2C60D53700577917 = {
						CreatedOnToolsVersion = 14.2;
					};
					0DCBDD512C60D53D00577917 = {
						CreatedOnToolsVersion = 14.2;
						TestTargetID = 0DCBDD3B2C60D53700577917;
					};
					0DCBDD5B2C60D53D00577917 = {
						CreatedOnToolsVersion = 14.2;
						TestTargetID = 0DCBDD3B2C60D53700577917;
					};
				};
			};
			buildConfigurationList = 0DCBDD372C60D53600577917 /* Build configuration list for PBXProject "SwiftPackageEngine" */;
			compatibilityVersion = "Xcode 14.0";
			developmentRegion = en;
			hasScannedForEncodings = 0;
			knownRegions = (
				en,
				Base,
			);
			mainGroup = 0DCBDD332C60D53600577917;
			productRefGroup = 0DCBDD3D2C60D53700577917 /* Products */;
			projectDirPath = "";
			projectRoot = "";
			targets = (
				0DCBDD3B2C60D53700577917 /* SwiftPackageEngine */,
				0DCBDD512C60D53D00577917 /* SwiftPackageEngineTests */,
				0DCBDD5B2C60D53D00577917 /* SwiftPackageEngineUITests */,
			);
		};
/* End PBXProject section */

/* Begin PBXResourcesBuildPhase section */
		0DCBDD3A2C60D53700577917 /* Resources */ = {
			isa = PBXResourcesBuildPhase;
			buildActionMask = 2147483647;
			files = (
				0DCBDD4C2C60D53C00577917 /* LaunchScreen.storyboard in Resources */,
				0DCBDD492C60D53C00577917 /* Assets.xcassets in Resources */,
				0DCBDD472C60D53700577917 /* Main.storyboard in Resources */,
			);
			runOnlyForDeploymentPostprocessing = 0;
		};
		0DCBDD502C60D53D00577917 /* Resources */ = {
			isa = PBXResourcesBuildPhase;
			buildActionMask = 2147483647;
			files = (
			);
			runOnlyForDeploymentPostprocessing = 0;
		};
		0DCBDD5A2C60D53D00577917 /* Resources */ = {
			isa = PBXResourcesBuildPhase;
			buildActionMask = 2147483647;
			files = (
			);
			runOnlyForDeploymentPostprocessing = 0;
		};
/* End PBXResourcesBuildPhase section */

/* Begin PBXSourcesBuildPhase section */
		0DCBDD382C60D53700577917 /* Sources */ = {
			isa = PBXSourcesBuildPhase;
			buildActionMask = 2147483647;
			files = (
				0DCBDD442C60D53700577917 /* ViewController.swift in Sources */,
				0DCBDD402C60D53700577917 /* AppDelegate.swift in Sources */,
				0DCBDD422C60D53700577917 /* SceneDelegate.swift in Sources */,
			);
			runOnlyForDeploymentPostprocessing = 0;
		};
		0DCBDD4E2C60D53D00577917 /* Sources */ = {
			isa = PBXSourcesBuildPhase;
			buildActionMask = 2147483647;
			files = (
				0DCBDD572C60D53D00577917 /* SwiftPackageEngineTests.swift in Sources */,
			);
			runOnlyForDeploymentPostprocessing = 0;
		};
		0DCBDD582C60D53D00577917 /* Sources */ = {
			isa = PBXSourcesBuildPhase;
			buildActionMask = 2147483647;
			files = (
				0DCBDD612C60D53D00577917 /* SwiftPackageEngineUITests.swift in Sources */,
				0DCBDD632C60D53D00577917 /* SwiftPackageEngineUITestsLaunchTests.swift in Sources */,
			);
			runOnlyForDeploymentPostprocessing = 0;
		};
/* End PBXSourcesBuildPhase section */

/* Begin PBXTargetDependency section */
		0DCBDD542C60D53D00577917 /* PBXTargetDependency */ = {
			isa = PBXTargetDependency;
			target = 0DCBDD3B2C60D53700577917 /* SwiftPackageEngine */;
			targetProxy = 0DCBDD532C60D53D00577917 /* PBXContainerItemProxy */;
		};
		0DCBDD5E2C60D53D00577917 /* PBXTargetDependency */ = {
			isa = PBXTargetDependency;
			target = 0DCBDD3B2C60D53700577917 /* SwiftPackageEngine */;
			targetProxy = 0DCBDD5D2C60D53D00577917 /* PBXContainerItemProxy */;
		};
/* End PBXTargetDependency section */

/* Begin PBXVariantGroup section */
		0DCBDD452C60D53700577917 /* Main.storyboard */ = {
			isa = PBXVariantGroup;
			children = (
				0DCBDD462C60D53700577917 /* Base */,
			);
			name = Main.storyboard;
			sourceTree = "<group>";
		};
		0DCBDD4A2C60D53C00577917 /* LaunchScreen.storyboard */ = {
			isa = PBXVariantGroup;
			children = (
				0DCBDD4B2C60D53C00577917 /* Base */,
			);
			name = LaunchScreen.storyboard;
			sourceTree = "<group>";
		};
/* End PBXVariantGroup section */

/* Begin XCBuildConfiguration section */
		0DCBDD642C60D53D00577917 /* Debug */ = {
			isa = XCBuildConfiguration;
			buildSettings = {
				ALWAYS_SEARCH_USER_PATHS = NO;
				CLANG_ANALYZER_NONNULL = YES;
				CLANG_ANALYZER_NUMBER_OBJECT_CONVERSION = YES_AGGRESSIVE;
				CLANG_CXX_LANGUAGE_STANDARD = "gnu++20";
				CLANG_ENABLE_MODULES = YES;
				CLANG_ENABLE_OBJC_ARC = YES;
				CLANG_ENABLE_OBJC_WEAK = YES;
				CLANG_WARN_BLOCK_CAPTURE_AUTORELEASING = YES;
				CLANG_WARN_BOOL_CONVERSION = YES;
				CLANG_WARN_COMMA = YES;
				CLANG_WARN_CONSTANT_CONVERSION = YES;
				CLANG_WARN_DEPRECATED_OBJC_IMPLEMENTATIONS = YES;
				CLANG_WARN_DIRECT_OBJC_ISA_USAGE = YES_ERROR;
				CLANG_WARN_DOCUMENTATION_COMMENTS = YES;
				CLANG_WARN_EMPTY_BODY = YES;
				CLANG_WARN_ENUM_CONVERSION = YES;
				CLANG_WARN_INFINITE_RECURSION = YES;
				CLANG_WARN_INT_CONVERSION = YES;
				CLANG_WARN_NON_LITERAL_NULL_CONVERSION = YES;
				CLANG_WARN_OBJC_IMPLICIT_RETAIN_SELF = YES;
				CLANG_WARN_OBJC_LITERAL_CONVERSION = YES;
				CLANG_WARN_OBJC_ROOT_CLASS = YES_ERROR;
				CLANG_WARN_QUOTED_INCLUDE_IN_FRAMEWORK_HEADER = YES;
				CLANG_WARN_RANGE_LOOP_ANALYSIS = YES;
				CLANG_WARN_STRICT_PROTOTYPES = YES;
				CLANG_WARN_SUSPICIOUS_MOVE = YES;
				CLANG_WARN_UNGUARDED_AVAILABILITY = YES_AGGRESSIVE;
				CLANG_WARN_UNREACHABLE_CODE = YES;
				CLANG_WARN__DUPLICATE_METHOD_MATCH = YES;
				COPY_PHASE_STRIP = NO;
				DEBUG_INFORMATION_FORMAT = dwarf;
				ENABLE_STRICT_OBJC_MSGSEND = YES;
				ENABLE_TESTABILITY = YES;
				GCC_C_LANGUAGE_STANDARD = gnu11;
				GCC_DYNAMIC_NO_PIC = NO;
				GCC_NO_COMMON_BLOCKS = YES;
				GCC_OPTIMIZATION_LEVEL = 0;
				GCC_PREPROCESSOR_DEFINITIONS = (
					"DEBUG=1",
					"$(inherited)",
				);
				GCC_WARN_64_TO_32_BIT_CONVERSION = YES;
				GCC_WARN_ABOUT_RETURN_TYPE = YES_ERROR;
				GCC_WARN_UNDECLARED_SELECTOR = YES;
				GCC_WARN_UNINITIALIZED_AUTOS = YES_AGGRESSIVE;
				GCC_WARN_UNUSED_FUNCTION = YES;
				GCC_WARN_UNUSED_VARIABLE = YES;
				IPHONEOS_DEPLOYMENT_TARGET = 16.2;
				MTL_ENABLE_DEBUG_INFO = INCLUDE_SOURCE;
				MTL_FAST_MATH = YES;
				ONLY_ACTIVE_ARCH = YES;
				SDKROOT = iphoneos;
				SWIFT_ACTIVE_COMPILATION_CONDITIONS = DEBUG;
				SWIFT_OPTIMIZATION_LEVEL = "-Onone";
			};
			name = Debug;
		};
		0DCBDD652C60D53D00577917 /* Release */ = {
			isa = XCBuildConfiguration;
			buildSettings = {
				ALWAYS_SEARCH_USER_PATHS = NO;
				CLANG_ANALYZER_NONNULL = YES;
				CLANG_ANALYZER_NUMBER_OBJECT_CONVERSION = YES_AGGRESSIVE;
				CLANG_CXX_LANGUAGE_STANDARD = "gnu++20";
				CLANG_ENABLE_MODULES = YES;
				CLANG_ENABLE_OBJC_ARC = YES;
				CLANG_ENABLE_OBJC_WEAK = YES;
				CLANG_WARN_BLOCK_CAPTURE_AUTORELEASING = YES;
				CLANG_WARN_BOOL_CONVERSION = YES;
				CLANG_WARN_COMMA = YES;
				CLANG_WARN_CONSTANT_CONVERSION = YES;
				CLANG_WARN_DEPRECATED_OBJC_IMPLEMENTATIONS = YES;
				CLANG_WARN_DIRECT_OBJC_ISA_USAGE = YES_ERROR;
				CLANG_WARN_DOCUMENTATION_COMMENTS = YES;
				CLANG_WARN_EMPTY_BODY = YES;
				CLANG_WARN_ENUM_CONVERSION = YES;
				CLANG_WARN_INFINITE_RECURSION = YES;
				CLANG_WARN_INT_CONVERSION = YES;
				CLANG_WARN_NON_LITERAL_NULL_CONVERSION = YES;
				CLANG_WARN_OBJC_IMPLICIT_RETAIN_SELF = YES;
				CLANG_WARN_OBJC_LITERAL_CONVERSION = YES;
				CLANG_WARN_OBJC_ROOT_CLASS = YES_ERROR;
				CLANG_WARN_QUOTED_INCLUDE_IN_FRAMEWORK_HEADER = YES;
				CLANG_WARN_RANGE_LOOP_ANALYSIS = YES;
				CLANG_WARN_STRICT_PROTOTYPES = YES;
				CLANG_WARN_SUSPICIOUS_MOVE = YES;
				CLANG_WARN_UNGUARDED_AVAILABILITY = YES_AGGRESSIVE;
				CLANG_WARN_UNREACHABLE_CODE = YES;
				CLANG_WARN__DUPLICATE_METHOD_MATCH = YES;
				COPY_PHASE_STRIP = NO;
				DEBUG_INFORMATION_FORMAT = "dwarf-with-dsym";
				ENABLE_NS_ASSERTIONS = NO;
				ENABLE_STRICT_OBJC_MSGSEND = YES;
				GCC_C_LANGUAGE_STANDARD = gnu11;
				GCC_NO_COMMON_BLOCKS = YES;
				GCC_WARN_64_TO_32_BIT_CONVERSION = YES;
				GCC_WARN_ABOUT_RETURN_TYPE = YES_ERROR;
				GCC_WARN_UNDECLARED_SELECTOR = YES;
				GCC_WARN_UNINITIALIZED_AUTOS = YES_AGGRESSIVE;
				GCC_WARN_UNUSED_FUNCTION = YES;
				GCC_WARN_UNUSED_VARIABLE = YES;
				IPHONEOS_DEPLOYMENT_TARGET = 16.2;
				MTL_ENABLE_DEBUG_INFO = NO;
				MTL_FAST_MATH = YES;
				SDKROOT = iphoneos;
				SWIFT_COMPILATION_MODE = wholemodule;
				SWIFT_OPTIMIZATION_LEVEL = "-O";
				VALIDATE_PRODUCT = YES;
			};
			name = Release;
		};
		0DCBDD672C60D53D00577917 /* Debug */ = {
			isa = XCBuildConfiguration;
			buildSettings = {
				ASSETCATALOG_COMPILER_APPICON_NAME = AppIcon;
				ASSETCATALOG_COMPILER_GLOBAL_ACCENT_COLOR_NAME = AccentColor;
				CODE_SIGN_STYLE = Automatic;
				CURRENT_PROJECT_VERSION = 1;
				DEVELOPMENT_TEAM = 4778454EKB;
				GENERATE_INFOPLIST_FILE = YES;
				INFOPLIST_FILE = SwiftPackageEngine/Info.plist;
				INFOPLIST_KEY_UIApplicationSupportsIndirectInputEvents = YES;
				INFOPLIST_KEY_UILaunchStoryboardName = LaunchScreen;
				INFOPLIST_KEY_UIMainStoryboardFile = Main;
				INFOPLIST_KEY_UISupportedInterfaceOrientations_iPad = "UIInterfaceOrientationPortrait UIInterfaceOrientationPortraitUpsideDown UIInterfaceOrientationLandscapeLeft UIInterfaceOrientationLandscapeRight";
				INFOPLIST_KEY_UISupportedInterfaceOrientations_iPhone = "UIInterfaceOrientationPortrait UIInterfaceOrientationLandscapeLeft UIInterfaceOrientationLandscapeRight";
				LD_RUNPATH_SEARCH_PATHS = (
					"$(inherited)",
					"@executable_path/Frameworks",
				);
				MARKETING_VERSION = 1.0;
				PRODUCT_BUNDLE_IDENTIFIER = "-00Ok-Solutions.SwiftPackageEngine";
				PRODUCT_NAME = "$(TARGET_NAME)";
				SWIFT_EMIT_LOC_STRINGS = YES;
				SWIFT_VERSION = 5.0;
				TARGETED_DEVICE_FAMILY = "1,2";
			};
			name = Debug;
		};
		0DCBDD682C60D53D00577917 /* Release */ = {
			isa = XCBuildConfiguration;
			buildSettings = {
				ASSETCATALOG_COMPILER_APPICON_NAME = AppIcon;
				ASSETCATALOG_COMPILER_GLOBAL_ACCENT_COLOR_NAME = AccentColor;
				CODE_SIGN_STYLE = Automatic;
				CURRENT_PROJECT_VERSION = 1;
				DEVELOPMENT_TEAM = 4778454EKB;
				GENERATE_INFOPLIST_FILE = YES;
				INFOPLIST_FILE = SwiftPackageEngine/Info.plist;
				INFOPLIST_KEY_UIApplicationSupportsIndirectInputEvents = YES;
				INFOPLIST_KEY_UILaunchStoryboardName = LaunchScreen;
				INFOPLIST_KEY_UIMainStoryboardFile = Main;
				INFOPLIST_KEY_UISupportedInterfaceOrientations_iPad = "UIInterfaceOrientationPortrait UIInterfaceOrientationPortraitUpsideDown UIInterfaceOrientationLandscapeLeft UIInterfaceOrientationLandscapeRight";
				INFOPLIST_KEY_UISupportedInterfaceOrientations_iPhone = "UIInterfaceOrientationPortrait UIInterfaceOrientationLandscapeLeft UIInterfaceOrientationLandscapeRight";
				LD_RUNPATH_SEARCH_PATHS = (
					"$(inherited)",
					"@executable_path/Frameworks",
				);
				MARKETING_VERSION = 1.0;
				PRODUCT_BUNDLE_IDENTIFIER = "-00Ok-Solutions.SwiftPackageEngine";
				PRODUCT_NAME = "$(TARGET_NAME)";
				SWIFT_EMIT_LOC_STRINGS = YES;
				SWIFT_VERSION = 5.0;
				TARGETED_DEVICE_FAMILY = "1,2";
			};
			name = Release;
		};
		0DCBDD6A2C60D53D00577917 /* Debug */ = {
			isa = XCBuildConfiguration;
			buildSettings = {
				ALWAYS_EMBED_SWIFT_STANDARD_LIBRARIES = YES;
				BUNDLE_LOADER = "$(TEST_HOST)";
				CODE_SIGN_STYLE = Automatic;
				CURRENT_PROJECT_VERSION = 1;
				DEVELOPMENT_TEAM = 4778454EKB;
				GENERATE_INFOPLIST_FILE = YES;
				IPHONEOS_DEPLOYMENT_TARGET = 16.2;
				MARKETING_VERSION = 1.0;
				PRODUCT_BUNDLE_IDENTIFIER = "-00Ok-Solutions.SwiftPackageEngineTests";
				PRODUCT_NAME = "$(TARGET_NAME)";
				SWIFT_EMIT_LOC_STRINGS = NO;
				SWIFT_VERSION = 5.0;
				TARGETED_DEVICE_FAMILY = "1,2";
				TEST_HOST = "$(BUILT_PRODUCTS_DIR)/SwiftPackageEngine.app/$(BUNDLE_EXECUTABLE_FOLDER_PATH)/SwiftPackageEngine";
			};
			name = Debug;
		};
		0DCBDD6B2C60D53D00577917 /* Release */ = {
			isa = XCBuildConfiguration;
			buildSettings = {
				ALWAYS_EMBED_SWIFT_STANDARD_LIBRARIES = YES;
				BUNDLE_LOADER = "$(TEST_HOST)";
				CODE_SIGN_STYLE = Automatic;
				CURRENT_PROJECT_VERSION = 1;
				DEVELOPMENT_TEAM = 4778454EKB;
				GENERATE_INFOPLIST_FILE = YES;
				IPHONEOS_DEPLOYMENT_TARGET = 16.2;
				MARKETING_VERSION = 1.0;
				PRODUCT_BUNDLE_IDENTIFIER = "-00Ok-Solutions.SwiftPackageEngineTests";
				PRODUCT_NAME = "$(TARGET_NAME)";
				SWIFT_EMIT_LOC_STRINGS = NO;
				SWIFT_VERSION = 5.0;
				TARGETED_DEVICE_FAMILY = "1,2";
				TEST_HOST = "$(BUILT_PRODUCTS_DIR)/SwiftPackageEngine.app/$(BUNDLE_EXECUTABLE_FOLDER_PATH)/SwiftPackageEngine";
			};
			name = Release;
		};
		0DCBDD6D2C60D53D00577917 /* Debug */ = {
			isa = XCBuildConfiguration;
			buildSettings = {
				ALWAYS_EMBED_SWIFT_STANDARD_LIBRARIES = YES;
				CODE_SIGN_STYLE = Automatic;
				CURRENT_PROJECT_VERSION = 1;
				DEVELOPMENT_TEAM = 4778454EKB;
				GENERATE_INFOPLIST_FILE = YES;
				MARKETING_VERSION = 1.0;
				PRODUCT_BUNDLE_IDENTIFIER = "-00Ok-Solutions.SwiftPackageEngineUITests";
				PRODUCT_NAME = "$(TARGET_NAME)";
				SWIFT_EMIT_LOC_STRINGS = NO;
				SWIFT_VERSION = 5.0;
				TARGETED_DEVICE_FAMILY = "1,2";
				TEST_TARGET_NAME = SwiftPackageEngine;
			};
			name = Debug;
		};
		0DCBDD6E2C60D53D00577917 /* Release */ = {
			isa = XCBuildConfiguration;
			buildSettings = {
				ALWAYS_EMBED_SWIFT_STANDARD_LIBRARIES = YES;
				CODE_SIGN_STYLE = Automatic;
				CURRENT_PROJECT_VERSION = 1;
				DEVELOPMENT_TEAM = 4778454EKB;
				GENERATE_INFOPLIST_FILE = YES;
				MARKETING_VERSION = 1.0;
				PRODUCT_BUNDLE_IDENTIFIER = "-00Ok-Solutions.SwiftPackageEngineUITests";
				PRODUCT_NAME = "$(TARGET_NAME)";
				SWIFT_EMIT_LOC_STRINGS = NO;
				SWIFT_VERSION = 5.0;
				TARGETED_DEVICE_FAMILY = "1,2";
				TEST_TARGET_NAME = SwiftPackageEngine;
			};
			name = Release;
		};
/* End XCBuildConfiguration section */

/* Begin XCConfigurationList section */
		0DCBDD372C60D53600577917 /* Build configuration list for PBXProject "SwiftPackageEngine" */ = {
			isa = XCConfigurationList;
			buildConfigurations = (
				0DCBDD642C60D53D00577917 /* Debug */,
				0DCBDD652C60D53D00577917 /* Release */,
			);
			defaultConfigurationIsVisible = 0;
			defaultConfigurationName = Release;
		};
		0DCBDD662C60D53D00577917 /* Build configuration list for PBXNativeTarget "SwiftPackageEngine" */ = {
			isa = XCConfigurationList;
			buildConfigurations = (
				0DCBDD672C60D53D00577917 /* Debug */,
				0DCBDD682C60D53D00577917 /* Release */,
			);
			defaultConfigurationIsVisible = 0;
			defaultConfigurationName = Release;
		};
		0DCBDD692C60D53D00577917 /* Build configuration list for PBXNativeTarget "SwiftPackageEngineTests" */ = {
			isa = XCConfigurationList;
			buildConfigurations = (
				0DCBDD6A2C60D53D00577917 /* Debug */,
				0DCBDD6B2C60D53D00577917 /* Release */,
			);
			defaultConfigurationIsVisible = 0;
			defaultConfigurationName = Release;
		};
		0DCBDD6C2C60D53D00577917 /* Build configuration list for PBXNativeTarget "SwiftPackageEngineUITests" */ = {
			isa = XCConfigurationList;
			buildConfigurations = (
				0DCBDD6D2C60D53D00577917 /* Debug */,
				0DCBDD6E2C60D53D00577917 /* Release */,
			);
			defaultConfigurationIsVisible = 0;
			defaultConfigurationName = Release;
		};
/* End XCConfigurationList section */

/* Begin XCSwiftPackageProductDependency section */
		0DCBDD722C60D5BE00577917 /* MyLibrary */ = {
			isa = XCSwiftPackageProductDependency;
			productName = MyLibrary;
		};
/* End XCSwiftPackageProductDependency section */
	};
	rootObject = 0DCBDD342C60D53600577917 /* Project object */;
}
